// !$*UTF8*$!
{
	archiveVersion = 1;
	classes = {
	};
	objectVersion = 50;
	objects = {

/* Begin PBXBuildFile section */
		844D458B26BD8F1500F426B0 /* StyleScript-Regular.ttf in Resources */ = {isa = PBXBuildFile; fileRef = 844D458A26BD8F1500F426B0 /* StyleScript-Regular.ttf */; };
		8481DC4126AF42DD00840FB3 /* AppDelegate.swift in Sources */ = {isa = PBXBuildFile; fileRef = 8481DC4026AF42DD00840FB3 /* AppDelegate.swift */; };
		8481DC4326AF42DD00840FB3 /* SceneDelegate.swift in Sources */ = {isa = PBXBuildFile; fileRef = 8481DC4226AF42DD00840FB3 /* SceneDelegate.swift */; };
		8481DC4526AF42DD00840FB3 /* MainViewController.swift in Sources */ = {isa = PBXBuildFile; fileRef = 8481DC4426AF42DD00840FB3 /* MainViewController.swift */; };
		8481DC4826AF42DD00840FB3 /* Main.storyboard in Resources */ = {isa = PBXBuildFile; fileRef = 8481DC4626AF42DD00840FB3 /* Main.storyboard */; };
		8481DC4A26AF42DF00840FB3 /* Assets.xcassets in Resources */ = {isa = PBXBuildFile; fileRef = 8481DC4926AF42DF00840FB3 /* Assets.xcassets */; };
		8481DC4D26AF42DF00840FB3 /* LaunchScreen.storyboard in Resources */ = {isa = PBXBuildFile; fileRef = 8481DC4B26AF42DF00840FB3 /* LaunchScreen.storyboard */; };
		8481DC5726AF55D800840FB3 /* Checkers.storyboard in Resources */ = {isa = PBXBuildFile; fileRef = 8481DC5626AF55D800840FB3 /* Checkers.storyboard */; };
		8481DC5926AF560500840FB3 /* CheckersViewController.swift in Sources */ = {isa = PBXBuildFile; fileRef = 8481DC5826AF560500840FB3 /* CheckersViewController.swift */; };
		8481DC5C26AF568100840FB3 /* UIViewController+Storyboard.swift in Sources */ = {isa = PBXBuildFile; fileRef = 8481DC5B26AF568100840FB3 /* UIViewController+Storyboard.swift */; };
		8481DC5E26B55BBD00840FB3 /* Results.storyboard in Resources */ = {isa = PBXBuildFile; fileRef = 8481DC5D26B55BBD00840FB3 /* Results.storyboard */; };
		8481DC6026B55FD300840FB3 /* ResultsViewController.swift in Sources */ = {isa = PBXBuildFile; fileRef = 8481DC5F26B55FD300840FB3 /* ResultsViewController.swift */; };
		8481DC6226B563DE00840FB3 /* SettingsViewController.swift in Sources */ = {isa = PBXBuildFile; fileRef = 8481DC6126B563DE00840FB3 /* SettingsViewController.swift */; };
		8481DC6426B563E900840FB3 /* Settings.storyboard in Resources */ = {isa = PBXBuildFile; fileRef = 8481DC6326B563E900840FB3 /* Settings.storyboard */; };
/* End PBXBuildFile section */

/* Begin PBXFileReference section */
		844D458A26BD8F1500F426B0 /* StyleScript-Regular.ttf */ = {isa = PBXFileReference; lastKnownFileType = file; path = "StyleScript-Regular.ttf"; sourceTree = "<group>"; };
		8481DC3D26AF42DD00840FB3 /* HomeWork_Lesson_13.app */ = {isa = PBXFileReference; explicitFileType = wrapper.application; includeInIndex = 0; path = HomeWork_Lesson_13.app; sourceTree = BUILT_PRODUCTS_DIR; };
		8481DC4026AF42DD00840FB3 /* AppDelegate.swift */ = {isa = PBXFileReference; lastKnownFileType = sourcecode.swift; path = AppDelegate.swift; sourceTree = "<group>"; };
		8481DC4226AF42DD00840FB3 /* SceneDelegate.swift */ = {isa = PBXFileReference; lastKnownFileType = sourcecode.swift; path = SceneDelegate.swift; sourceTree = "<group>"; };
		8481DC4426AF42DD00840FB3 /* MainViewController.swift */ = {isa = PBXFileReference; lastKnownFileType = sourcecode.swift; path = MainViewController.swift; sourceTree = "<group>"; };
		8481DC4726AF42DD00840FB3 /* Base */ = {isa = PBXFileReference; lastKnownFileType = file.storyboard; name = Base; path = Base.lproj/Main.storyboard; sourceTree = "<group>"; };
		8481DC4926AF42DF00840FB3 /* Assets.xcassets */ = {isa = PBXFileReference; lastKnownFileType = folder.assetcatalog; path = Assets.xcassets; sourceTree = "<group>"; };
		8481DC4C26AF42DF00840FB3 /* Base */ = {isa = PBXFileReference; lastKnownFileType = file.storyboard; name = Base; path = Base.lproj/LaunchScreen.storyboard; sourceTree = "<group>"; };
		8481DC4E26AF42DF00840FB3 /* Info.plist */ = {isa = PBXFileReference; lastKnownFileType = text.plist.xml; path = Info.plist; sourceTree = "<group>"; };
		8481DC5626AF55D800840FB3 /* Checkers.storyboard */ = {isa = PBXFileReference; lastKnownFileType = file.storyboard; path = Checkers.storyboard; sourceTree = "<group>"; };
		8481DC5826AF560500840FB3 /* CheckersViewController.swift */ = {isa = PBXFileReference; lastKnownFileType = sourcecode.swift; path = CheckersViewController.swift; sourceTree = "<group>"; };
		8481DC5B26AF568100840FB3 /* UIViewController+Storyboard.swift */ = {isa = PBXFileReference; lastKnownFileType = sourcecode.swift; path = "UIViewController+Storyboard.swift"; sourceTree = "<group>"; };
		8481DC5D26B55BBD00840FB3 /* Results.storyboard */ = {isa = PBXFileReference; lastKnownFileType = file.storyboard; path = Results.storyboard; sourceTree = "<group>"; };
		8481DC5F26B55FD300840FB3 /* ResultsViewController.swift */ = {isa = PBXFileReference; lastKnownFileType = sourcecode.swift; path = ResultsViewController.swift; sourceTree = "<group>"; };
		8481DC6126B563DE00840FB3 /* SettingsViewController.swift */ = {isa = PBXFileReference; lastKnownFileType = sourcecode.swift; path = SettingsViewController.swift; sourceTree = "<group>"; };
		8481DC6326B563E900840FB3 /* Settings.storyboard */ = {isa = PBXFileReference; lastKnownFileType = file.storyboard; path = Settings.storyboard; sourceTree = "<group>"; };
/* End PBXFileReference section */

/* Begin PBXFrameworksBuildPhase section */
		8481DC3A26AF42DD00840FB3 /* Frameworks */ = {
			isa = PBXFrameworksBuildPhase;
			buildActionMask = 2147483647;
			files = (
			);
			runOnlyForDeploymentPostprocessing = 0;
		};
/* End PBXFrameworksBuildPhase section */

/* Begin PBXGroup section */
		844D458926BD8EF400F426B0 /* Fonts */ = {
			isa = PBXGroup;
			children = (
				844D458A26BD8F1500F426B0 /* StyleScript-Regular.ttf */,
			);
			path = Fonts;
			sourceTree = "<group>";
		};
		8481DC3426AF42DD00840FB3 = {
			isa = PBXGroup;
			children = (
				8481DC3F26AF42DD00840FB3 /* HomeWork_Lesson_13 */,
				8481DC3E26AF42DD00840FB3 /* Products */,
			);
			sourceTree = "<group>";
		};
		8481DC3E26AF42DD00840FB3 /* Products */ = {
			isa = PBXGroup;
			children = (
				8481DC3D26AF42DD00840FB3 /* HomeWork_Lesson_13.app */,
			);
			name = Products;
			sourceTree = "<group>";
		};
		8481DC3F26AF42DD00840FB3 /* HomeWork_Lesson_13 */ = {
			isa = PBXGroup;
			children = (
				844D458926BD8EF400F426B0 /* Fonts */,
				8481DC5A26AF565700840FB3 /* Extensions */,
				8481DC5526AF42FD00840FB3 /* ViewControllers */,
				8481DC5426AF42E800840FB3 /* Storyboards */,
				8481DC4026AF42DD00840FB3 /* AppDelegate.swift */,
				8481DC4226AF42DD00840FB3 /* SceneDelegate.swift */,
				8481DC4926AF42DF00840FB3 /* Assets.xcassets */,
				8481DC4B26AF42DF00840FB3 /* LaunchScreen.storyboard */,
				8481DC4E26AF42DF00840FB3 /* Info.plist */,
			);
			path = HomeWork_Lesson_13;
			sourceTree = "<group>";
		};
		8481DC5426AF42E800840FB3 /* Storyboards */ = {
			isa = PBXGroup;
			children = (
				8481DC4626AF42DD00840FB3 /* Main.storyboard */,
				8481DC5626AF55D800840FB3 /* Checkers.storyboard */,
				8481DC5D26B55BBD00840FB3 /* Results.storyboard */,
				8481DC6326B563E900840FB3 /* Settings.storyboard */,
			);
			path = Storyboards;
			sourceTree = "<group>";
		};
		8481DC5526AF42FD00840FB3 /* ViewControllers */ = {
			isa = PBXGroup;
			children = (
				8481DC4426AF42DD00840FB3 /* MainViewController.swift */,
				8481DC5826AF560500840FB3 /* CheckersViewController.swift */,
				8481DC5F26B55FD300840FB3 /* ResultsViewController.swift */,
				8481DC6126B563DE00840FB3 /* SettingsViewController.swift */,
			);
			path = ViewControllers;
			sourceTree = "<group>";
		};
		8481DC5A26AF565700840FB3 /* Extensions */ = {
			isa = PBXGroup;
			children = (
				8481DC5B26AF568100840FB3 /* UIViewController+Storyboard.swift */,
			);
			path = Extensions;
			sourceTree = "<group>";
		};
/* End PBXGroup section */

/* Begin PBXNativeTarget section */
		8481DC3C26AF42DD00840FB3 /* HomeWork_Lesson_13 */ = {
			isa = PBXNativeTarget;
			buildConfigurationList = 8481DC5126AF42DF00840FB3 /* Build configuration list for PBXNativeTarget "HomeWork_Lesson_13" */;
			buildPhases = (
				8481DC3926AF42DD00840FB3 /* Sources */,
				8481DC3A26AF42DD00840FB3 /* Frameworks */,
				8481DC3B26AF42DD00840FB3 /* Resources */,
			);
			buildRules = (
			);
			dependencies = (
			);
			name = HomeWork_Lesson_13;
			productName = HomeWork_Lesson_13;
			productReference = 8481DC3D26AF42DD00840FB3 /* HomeWork_Lesson_13.app */;
			productType = "com.apple.product-type.application";
		};
/* End PBXNativeTarget section */

/* Begin PBXProject section */
		8481DC3526AF42DD00840FB3 /* Project object */ = {
			isa = PBXProject;
			attributes = {
				LastSwiftUpdateCheck = 1250;
				LastUpgradeCheck = 1250;
				TargetAttributes = {
					8481DC3C26AF42DD00840FB3 = {
						CreatedOnToolsVersion = 12.5.1;
					};
				};
			};
			buildConfigurationList = 8481DC3826AF42DD00840FB3 /* Build configuration list for PBXProject "HomeWork_Lesson_13" */;
			compatibilityVersion = "Xcode 9.3";
			developmentRegion = en;
			hasScannedForEncodings = 0;
			knownRegions = (
				en,
				Base,
			);
			mainGroup = 8481DC3426AF42DD00840FB3;
			productRefGroup = 8481DC3E26AF42DD00840FB3 /* Products */;
			projectDirPath = "";
			projectRoot = "";
			targets = (
				8481DC3C26AF42DD00840FB3 /* HomeWork_Lesson_13 */,
			);
		};
/* End PBXProject section */

/* Begin PBXResourcesBuildPhase section */
		8481DC3B26AF42DD00840FB3 /* Resources */ = {
			isa = PBXResourcesBuildPhase;
			buildActionMask = 2147483647;
			files = (
				8481DC4D26AF42DF00840FB3 /* LaunchScreen.storyboard in Resources */,
				8481DC5E26B55BBD00840FB3 /* Results.storyboard in Resources */,
				844D458B26BD8F1500F426B0 /* StyleScript-Regular.ttf in Resources */,
				8481DC4A26AF42DF00840FB3 /* Assets.xcassets in Resources */,
				8481DC6426B563E900840FB3 /* Settings.storyboard in Resources */,
				8481DC5726AF55D800840FB3 /* Checkers.storyboard in Resources */,
				8481DC4826AF42DD00840FB3 /* Main.storyboard in Resources */,
			);
			runOnlyForDeploymentPostprocessing = 0;
		};
/* End PBXResourcesBuildPhase section */

/* Begin PBXSourcesBuildPhase section */
		8481DC3926AF42DD00840FB3 /* Sources */ = {
			isa = PBXSourcesBuildPhase;
			buildActionMask = 2147483647;
			files = (
				8481DC4526AF42DD00840FB3 /* MainViewController.swift in Sources */,
				8481DC4126AF42DD00840FB3 /* AppDelegate.swift in Sources */,
				8481DC6226B563DE00840FB3 /* SettingsViewController.swift in Sources */,
				8481DC5926AF560500840FB3 /* CheckersViewController.swift in Sources */,
				8481DC5C26AF568100840FB3 /* UIViewController+Storyboard.swift in Sources */,
				8481DC4326AF42DD00840FB3 /* SceneDelegate.swift in Sources */,
				8481DC6026B55FD300840FB3 /* ResultsViewController.swift in Sources */,
			);
			runOnlyForDeploymentPostprocessing = 0;
		};
/* End PBXSourcesBuildPhase section */

/* Begin PBXVariantGroup section */
		8481DC4626AF42DD00840FB3 /* Main.storyboard */ = {
			isa = PBXVariantGroup;
			children = (
				8481DC4726AF42DD00840FB3 /* Base */,
			);
			name = Main.storyboard;
			sourceTree = "<group>";
		};
		8481DC4B26AF42DF00840FB3 /* LaunchScreen.storyboard */ = {
			isa = PBXVariantGroup;
			children = (
				8481DC4C26AF42DF00840FB3 /* Base */,
			);
			name = LaunchScreen.storyboard;
			sourceTree = "<group>";
		};
/* End PBXVariantGroup section */

/* Begin XCBuildConfiguration section */
		8481DC4F26AF42DF00840FB3 /* Debug */ = {
			isa = XCBuildConfiguration;
			buildSettings = {
				ALWAYS_SEARCH_USER_PATHS = NO;
				CLANG_ANALYZER_NONNULL = YES;
				CLANG_ANALYZER_NUMBER_OBJECT_CONVERSION = YES_AGGRESSIVE;
				CLANG_CXX_LANGUAGE_STANDARD = "gnu++14";
				CLANG_CXX_LIBRARY = "libc++";
				CLANG_ENABLE_MODULES = YES;
				CLANG_ENABLE_OBJC_ARC = YES;
				CLANG_ENABLE_OBJC_WEAK = YES;
				CLANG_WARN_BLOCK_CAPTURE_AUTORELEASING = YES;
				CLANG_WARN_BOOL_CONVERSION = YES;
				CLANG_WARN_COMMA = YES;
				CLANG_WARN_CONSTANT_CONVERSION = YES;
				CLANG_WARN_DEPRECATED_OBJC_IMPLEMENTATIONS = YES;
				CLANG_WARN_DIRECT_OBJC_ISA_USAGE = YES_ERROR;
				CLANG_WARN_DOCUMENTATION_COMMENTS = YES;
				CLANG_WARN_EMPTY_BODY = YES;
				CLANG_WARN_ENUM_CONVERSION = YES;
				CLANG_WARN_INFINITE_RECURSION = YES;
				CLANG_WARN_INT_CONVERSION = YES;
				CLANG_WARN_NON_LITERAL_NULL_CONVERSION = YES;
				CLANG_WARN_OBJC_IMPLICIT_RETAIN_SELF = YES;
				CLANG_WARN_OBJC_LITERAL_CONVERSION = YES;
				CLANG_WARN_OBJC_ROOT_CLASS = YES_ERROR;
				CLANG_WARN_QUOTED_INCLUDE_IN_FRAMEWORK_HEADER = YES;
				CLANG_WARN_RANGE_LOOP_ANALYSIS = YES;
				CLANG_WARN_STRICT_PROTOTYPES = YES;
				CLANG_WARN_SUSPICIOUS_MOVE = YES;
				CLANG_WARN_UNGUARDED_AVAILABILITY = YES_AGGRESSIVE;
				CLANG_WARN_UNREACHABLE_CODE = YES;
				CLANG_WARN__DUPLICATE_METHOD_MATCH = YES;
				COPY_PHASE_STRIP = NO;
				DEBUG_INFORMATION_FORMAT = dwarf;
				ENABLE_STRICT_OBJC_MSGSEND = YES;
				ENABLE_TESTABILITY = YES;
				GCC_C_LANGUAGE_STANDARD = gnu11;
				GCC_DYNAMIC_NO_PIC = NO;
				GCC_NO_COMMON_BLOCKS = YES;
				GCC_OPTIMIZATION_LEVEL = 0;
				GCC_PREPROCESSOR_DEFINITIONS = (
					"DEBUG=1",
					"$(inherited)",
				);
				GCC_WARN_64_TO_32_BIT_CONVERSION = YES;
				GCC_WARN_ABOUT_RETURN_TYPE = YES_ERROR;
				GCC_WARN_UNDECLARED_SELECTOR = YES;
				GCC_WARN_UNINITIALIZED_AUTOS = YES_AGGRESSIVE;
				GCC_WARN_UNUSED_FUNCTION = YES;
				GCC_WARN_UNUSED_VARIABLE = YES;
				IPHONEOS_DEPLOYMENT_TARGET = 14.5;
				MTL_ENABLE_DEBUG_INFO = INCLUDE_SOURCE;
				MTL_FAST_MATH = YES;
				ONLY_ACTIVE_ARCH = YES;
				SDKROOT = iphoneos;
				SWIFT_ACTIVE_COMPILATION_CONDITIONS = DEBUG;
				SWIFT_OPTIMIZATION_LEVEL = "-Onone";
			};
			name = Debug;
		};
		8481DC5026AF42DF00840FB3 /* Release */ = {
			isa = XCBuildConfiguration;
			buildSettings = {
				ALWAYS_SEARCH_USER_PATHS = NO;
				CLANG_ANALYZER_NONNULL = YES;
				CLANG_ANALYZER_NUMBER_OBJECT_CONVERSION = YES_AGGRESSIVE;
				CLANG_CXX_LANGUAGE_STANDARD = "gnu++14";
				CLANG_CXX_LIBRARY = "libc++";
				CLANG_ENABLE_MODULES = YES;
				CLANG_ENABLE_OBJC_ARC = YES;
				CLANG_ENABLE_OBJC_WEAK = YES;
				CLANG_WARN_BLOCK_CAPTURE_AUTORELEASING = YES;
				CLANG_WARN_BOOL_CONVERSION = YES;
				CLANG_WARN_COMMA = YES;
				CLANG_WARN_CONSTANT_CONVERSION = YES;
				CLANG_WARN_DEPRECATED_OBJC_IMPLEMENTATIONS = YES;
				CLANG_WARN_DIRECT_OBJC_ISA_USAGE = YES_ERROR;
				CLANG_WARN_DOCUMENTATION_COMMENTS = YES;
				CLANG_WARN_EMPTY_BODY = YES;
				CLANG_WARN_ENUM_CONVERSION = YES;
				CLANG_WARN_INFINITE_RECURSION = YES;
				CLANG_WARN_INT_CONVERSION = YES;
				CLANG_WARN_NON_LITERAL_NULL_CONVERSION = YES;
				CLANG_WARN_OBJC_IMPLICIT_RETAIN_SELF = YES;
				CLANG_WARN_OBJC_LITERAL_CONVERSION = YES;
				CLANG_WARN_OBJC_ROOT_CLASS = YES_ERROR;
				CLANG_WARN_QUOTED_INCLUDE_IN_FRAMEWORK_HEADER = YES;
				CLANG_WARN_RANGE_LOOP_ANALYSIS = YES;
				CLANG_WARN_STRICT_PROTOTYPES = YES;
				CLANG_WARN_SUSPICIOUS_MOVE = YES;
				CLANG_WARN_UNGUARDED_AVAILABILITY = YES_AGGRESSIVE;
				CLANG_WARN_UNREACHABLE_CODE = YES;
				CLANG_WARN__DUPLICATE_METHOD_MATCH = YES;
				COPY_PHASE_STRIP = NO;
				DEBUG_INFORMATION_FORMAT = "dwarf-with-dsym";
				ENABLE_NS_ASSERTIONS = NO;
				ENABLE_STRICT_OBJC_MSGSEND = YES;
				GCC_C_LANGUAGE_STANDARD = gnu11;
				GCC_NO_COMMON_BLOCKS = YES;
				GCC_WARN_64_TO_32_BIT_CONVERSION = YES;
				GCC_WARN_ABOUT_RETURN_TYPE = YES_ERROR;
				GCC_WARN_UNDECLARED_SELECTOR = YES;
				GCC_WARN_UNINITIALIZED_AUTOS = YES_AGGRESSIVE;
				GCC_WARN_UNUSED_FUNCTION = YES;
				GCC_WARN_UNUSED_VARIABLE = YES;
				IPHONEOS_DEPLOYMENT_TARGET = 14.5;
				MTL_ENABLE_DEBUG_INFO = NO;
				MTL_FAST_MATH = YES;
				SDKROOT = iphoneos;
				SWIFT_COMPILATION_MODE = wholemodule;
				SWIFT_OPTIMIZATION_LEVEL = "-O";
				VALIDATE_PRODUCT = YES;
			};
			name = Release;
		};
		8481DC5226AF42DF00840FB3 /* Debug */ = {
			isa = XCBuildConfiguration;
			buildSettings = {
				ASSETCATALOG_COMPILER_APPICON_NAME = AppIcon;
				ASSETCATALOG_COMPILER_GLOBAL_ACCENT_COLOR_NAME = AccentColor;
				CODE_SIGN_STYLE = Automatic;
				INFOPLIST_FILE = HomeWork_Lesson_13/Info.plist;
				LD_RUNPATH_SEARCH_PATHS = (
					"$(inherited)",
					"@executable_path/Frameworks",
				);
				PRODUCT_BUNDLE_IDENTIFIER = "com.yourcompany.HomeWork-Lesson-13-App.HomeWork-Lesson-13";
				PRODUCT_NAME = "$(TARGET_NAME)";
				SWIFT_VERSION = 5.0;
				TARGETED_DEVICE_FAMILY = "1,2";
			};
			name = Debug;
		};
		8481DC5326AF42DF00840FB3 /* Release */ = {
			isa = XCBuildConfiguration;
			buildSettings = {
				ASSETCATALOG_COMPILER_APPICON_NAME = AppIcon;
				ASSETCATALOG_COMPILER_GLOBAL_ACCENT_COLOR_NAME = AccentColor;
				CODE_SIGN_STYLE = Automatic;
				INFOPLIST_FILE = HomeWork_Lesson_13/Info.plist;
				LD_RUNPATH_SEARCH_PATHS = (
					"$(inherited)",
					"@executable_path/Frameworks",
				);
				PRODUCT_BUNDLE_IDENTIFIER = "com.yourcompany.HomeWork-Lesson-13-App.HomeWork-Lesson-13";
				PRODUCT_NAME = "$(TARGET_NAME)";
				SWIFT_VERSION = 5.0;
				TARGETED_DEVICE_FAMILY = "1,2";
			};
			name = Release;
		};
/* End XCBuildConfiguration section */

/* Begin XCConfigurationList section */
		8481DC3826AF42DD00840FB3 /* Build configuration list for PBXProject "HomeWork_Lesson_13" */ = {
			isa = XCConfigurationList;
			buildConfigurations = (
				8481DC4F26AF42DF00840FB3 /* Debug */,
				8481DC5026AF42DF00840FB3 /* Release */,
			);
			defaultConfigurationIsVisible = 0;
			defaultConfigurationName = Release;
		};
		8481DC5126AF42DF00840FB3 /* Build configuration list for PBXNativeTarget "HomeWork_Lesson_13" */ = {
			isa = XCConfigurationList;
			buildConfigurations = (
				8481DC5226AF42DF00840FB3 /* Debug */,
				8481DC5326AF42DF00840FB3 /* Release */,
			);
			defaultConfigurationIsVisible = 0;
			defaultConfigurationName = Release;
		};
/* End XCConfigurationList section */
	};
	rootObject = 8481DC3526AF42DD00840FB3 /* Project object */;
}
