// !$*UTF8*$!
{
	archiveVersion = 1;
	classes = {
	};
	objectVersion = 50;
	objects = {

/* Begin PBXBuildFile section */
		84C146AA268CD46F00216B55 /* AppDelegate.swift in Sources */ = {isa = PBXBuildFile; fileRef = 84C146A9268CD46F00216B55 /* AppDelegate.swift */; };
		84C146AC268CD46F00216B55 /* SceneDelegate.swift in Sources */ = {isa = PBXBuildFile; fileRef = 84C146AB268CD46F00216B55 /* SceneDelegate.swift */; };
		84C146AE268CD46F00216B55 /* ViewController.swift in Sources */ = {isa = PBXBuildFile; fileRef = 84C146AD268CD46F00216B55 /* ViewController.swift */; };
		84C146B1268CD46F00216B55 /* Main.storyboard in Resources */ = {isa = PBXBuildFile; fileRef = 84C146AF268CD46F00216B55 /* Main.storyboard */; };
		84C146B3268CD47100216B55 /* Assets.xcassets in Resources */ = {isa = PBXBuildFile; fileRef = 84C146B2268CD47100216B55 /* Assets.xcassets */; };
		84C146B6268CD47100216B55 /* LaunchScreen.storyboard in Resources */ = {isa = PBXBuildFile; fileRef = 84C146B4268CD47100216B55 /* LaunchScreen.storyboard */; };
		84C146BE268CD4A300216B55 /* Student.swift in Sources */ = {isa = PBXBuildFile; fileRef = 84C146BD268CD4A300216B55 /* Student.swift */; };
		84C146C0268CD71400216B55 /* Group.swift in Sources */ = {isa = PBXBuildFile; fileRef = 84C146BF268CD71400216B55 /* Group.swift */; };
/* End PBXBuildFile section */

/* Begin PBXFileReference section */
		84C146A6268CD46F00216B55 /* HomeWork_Lesson_6.app */ = {isa = PBXFileReference; explicitFileType = wrapper.application; includeInIndex = 0; path = HomeWork_Lesson_6.app; sourceTree = BUILT_PRODUCTS_DIR; };
		84C146A9268CD46F00216B55 /* AppDelegate.swift */ = {isa = PBXFileReference; lastKnownFileType = sourcecode.swift; path = AppDelegate.swift; sourceTree = "<group>"; };
		84C146AB268CD46F00216B55 /* SceneDelegate.swift */ = {isa = PBXFileReference; lastKnownFileType = sourcecode.swift; path = SceneDelegate.swift; sourceTree = "<group>"; };
		84C146AD268CD46F00216B55 /* ViewController.swift */ = {isa = PBXFileReference; lastKnownFileType = sourcecode.swift; path = ViewController.swift; sourceTree = "<group>"; };
		84C146B0268CD46F00216B55 /* Base */ = {isa = PBXFileReference; lastKnownFileType = file.storyboard; name = Base; path = Base.lproj/Main.storyboard; sourceTree = "<group>"; };
		84C146B2268CD47100216B55 /* Assets.xcassets */ = {isa = PBXFileReference; lastKnownFileType = folder.assetcatalog; path = Assets.xcassets; sourceTree = "<group>"; };
		84C146B5268CD47100216B55 /* Base */ = {isa = PBXFileReference; lastKnownFileType = file.storyboard; name = Base; path = Base.lproj/LaunchScreen.storyboard; sourceTree = "<group>"; };
		84C146B7268CD47100216B55 /* Info.plist */ = {isa = PBXFileReference; lastKnownFileType = text.plist.xml; path = Info.plist; sourceTree = "<group>"; };
		84C146BD268CD4A300216B55 /* Student.swift */ = {isa = PBXFileReference; lastKnownFileType = sourcecode.swift; path = Student.swift; sourceTree = "<group>"; };
		84C146BF268CD71400216B55 /* Group.swift */ = {isa = PBXFileReference; lastKnownFileType = sourcecode.swift; path = Group.swift; sourceTree = "<group>"; };
/* End PBXFileReference section */

/* Begin PBXFrameworksBuildPhase section */
		84C146A3268CD46F00216B55 /* Frameworks */ = {
			isa = PBXFrameworksBuildPhase;
			buildActionMask = 2147483647;
			files = (
			);
			runOnlyForDeploymentPostprocessing = 0;
		};
/* End PBXFrameworksBuildPhase section */

/* Begin PBXGroup section */
		84C1469D268CD46F00216B55 = {
			isa = PBXGroup;
			children = (
				84C146A8268CD46F00216B55 /* HomeWork_Lesson_6 */,
				84C146A7268CD46F00216B55 /* Products */,
			);
			sourceTree = "<group>";
		};
		84C146A7268CD46F00216B55 /* Products */ = {
			isa = PBXGroup;
			children = (
				84C146A6268CD46F00216B55 /* HomeWork_Lesson_6.app */,
			);
			name = Products;
			sourceTree = "<group>";
		};
		84C146A8268CD46F00216B55 /* HomeWork_Lesson_6 */ = {
			isa = PBXGroup;
			children = (
				84C146A9268CD46F00216B55 /* AppDelegate.swift */,
				84C146AB268CD46F00216B55 /* SceneDelegate.swift */,
				84C146AD268CD46F00216B55 /* ViewController.swift */,
				84C146AF268CD46F00216B55 /* Main.storyboard */,
				84C146B2268CD47100216B55 /* Assets.xcassets */,
				84C146B4268CD47100216B55 /* LaunchScreen.storyboard */,
				84C146B7268CD47100216B55 /* Info.plist */,
				84C146BD268CD4A300216B55 /* Student.swift */,
				84C146BF268CD71400216B55 /* Group.swift */,
			);
			path = HomeWork_Lesson_6;
			sourceTree = "<group>";
		};
/* End PBXGroup section */

/* Begin PBXNativeTarget section */
		84C146A5268CD46F00216B55 /* HomeWork_Lesson_6 */ = {
			isa = PBXNativeTarget;
			buildConfigurationList = 84C146BA268CD47100216B55 /* Build configuration list for PBXNativeTarget "HomeWork_Lesson_6" */;
			buildPhases = (
				84C146A2268CD46F00216B55 /* Sources */,
				84C146A3268CD46F00216B55 /* Frameworks */,
				84C146A4268CD46F00216B55 /* Resources */,
			);
			buildRules = (
			);
			dependencies = (
			);
			name = HomeWork_Lesson_6;
			productName = HomeWork_Lesson_6;
			productReference = 84C146A6268CD46F00216B55 /* HomeWork_Lesson_6.app */;
			productType = "com.apple.product-type.application";
		};
/* End PBXNativeTarget section */

/* Begin PBXProject section */
		84C1469E268CD46F00216B55 /* Project object */ = {
			isa = PBXProject;
			attributes = {
				LastSwiftUpdateCheck = 1250;
				LastUpgradeCheck = 1250;
				TargetAttributes = {
					84C146A5268CD46F00216B55 = {
						CreatedOnToolsVersion = 12.5;
					};
				};
			};
			buildConfigurationList = 84C146A1268CD46F00216B55 /* Build configuration list for PBXProject "HomeWork_Lesson_6" */;
			compatibilityVersion = "Xcode 9.3";
			developmentRegion = en;
			hasScannedForEncodings = 0;
			knownRegions = (
				en,
				Base,
			);
			mainGroup = 84C1469D268CD46F00216B55;
			productRefGroup = 84C146A7268CD46F00216B55 /* Products */;
			projectDirPath = "";
			projectRoot = "";
			targets = (
				84C146A5268CD46F00216B55 /* HomeWork_Lesson_6 */,
			);
		};
/* End PBXProject section */

/* Begin PBXResourcesBuildPhase section */
		84C146A4268CD46F00216B55 /* Resources */ = {
			isa = PBXResourcesBuildPhase;
			buildActionMask = 2147483647;
			files = (
				84C146B6268CD47100216B55 /* LaunchScreen.storyboard in Resources */,
				84C146B3268CD47100216B55 /* Assets.xcassets in Resources */,
				84C146B1268CD46F00216B55 /* Main.storyboard in Resources */,
			);
			runOnlyForDeploymentPostprocessing = 0;
		};
/* End PBXResourcesBuildPhase section */

/* Begin PBXSourcesBuildPhase section */
		84C146A2268CD46F00216B55 /* Sources */ = {
			isa = PBXSourcesBuildPhase;
			buildActionMask = 2147483647;
			files = (
				84C146AE268CD46F00216B55 /* ViewController.swift in Sources */,
				84C146AA268CD46F00216B55 /* AppDelegate.swift in Sources */,
				84C146AC268CD46F00216B55 /* SceneDelegate.swift in Sources */,
				84C146C0268CD71400216B55 /* Group.swift in Sources */,
				84C146BE268CD4A300216B55 /* Student.swift in Sources */,
			);
			runOnlyForDeploymentPostprocessing = 0;
		};
/* End PBXSourcesBuildPhase section */

/* Begin PBXVariantGroup section */
		84C146AF268CD46F00216B55 /* Main.storyboard */ = {
			isa = PBXVariantGroup;
			children = (
				84C146B0268CD46F00216B55 /* Base */,
			);
			name = Main.storyboard;
			sourceTree = "<group>";
		};
		84C146B4268CD47100216B55 /* LaunchScreen.storyboard */ = {
			isa = PBXVariantGroup;
			children = (
				84C146B5268CD47100216B55 /* Base */,
			);
			name = LaunchScreen.storyboard;
			sourceTree = "<group>";
		};
/* End PBXVariantGroup section */

/* Begin XCBuildConfiguration section */
		84C146B8268CD47100216B55 /* Debug */ = {
			isa = XCBuildConfiguration;
			buildSettings = {
				ALWAYS_SEARCH_USER_PATHS = NO;
				CLANG_ANALYZER_NONNULL = YES;
				CLANG_ANALYZER_NUMBER_OBJECT_CONVERSION = YES_AGGRESSIVE;
				CLANG_CXX_LANGUAGE_STANDARD = "gnu++14";
				CLANG_CXX_LIBRARY = "libc++";
				CLANG_ENABLE_MODULES = YES;
				CLANG_ENABLE_OBJC_ARC = YES;
				CLANG_ENABLE_OBJC_WEAK = YES;
				CLANG_WARN_BLOCK_CAPTURE_AUTORELEASING = YES;
				CLANG_WARN_BOOL_CONVERSION = YES;
				CLANG_WARN_COMMA = YES;
				CLANG_WARN_CONSTANT_CONVERSION = YES;
				CLANG_WARN_DEPRECATED_OBJC_IMPLEMENTATIONS = YES;
				CLANG_WARN_DIRECT_OBJC_ISA_USAGE = YES_ERROR;
				CLANG_WARN_DOCUMENTATION_COMMENTS = YES;
				CLANG_WARN_EMPTY_BODY = YES;
				CLANG_WARN_ENUM_CONVERSION = YES;
				CLANG_WARN_INFINITE_RECURSION = YES;
				CLANG_WARN_INT_CONVERSION = YES;
				CLANG_WARN_NON_LITERAL_NULL_CONVERSION = YES;
				CLANG_WARN_OBJC_IMPLICIT_RETAIN_SELF = YES;
				CLANG_WARN_OBJC_LITERAL_CONVERSION = YES;
				CLANG_WARN_OBJC_ROOT_CLASS = YES_ERROR;
				CLANG_WARN_QUOTED_INCLUDE_IN_FRAMEWORK_HEADER = YES;
				CLANG_WARN_RANGE_LOOP_ANALYSIS = YES;
				CLANG_WARN_STRICT_PROTOTYPES = YES;
				CLANG_WARN_SUSPICIOUS_MOVE = YES;
				CLANG_WARN_UNGUARDED_AVAILABILITY = YES_AGGRESSIVE;
				CLANG_WARN_UNREACHABLE_CODE = YES;
				CLANG_WARN__DUPLICATE_METHOD_MATCH = YES;
				COPY_PHASE_STRIP = NO;
				DEBUG_INFORMATION_FORMAT = dwarf;
				ENABLE_STRICT_OBJC_MSGSEND = YES;
				ENABLE_TESTABILITY = YES;
				GCC_C_LANGUAGE_STANDARD = gnu11;
				GCC_DYNAMIC_NO_PIC = NO;
				GCC_NO_COMMON_BLOCKS = YES;
				GCC_OPTIMIZATION_LEVEL = 0;
				GCC_PREPROCESSOR_DEFINITIONS = (
					"DEBUG=1",
					"$(inherited)",
				);
				GCC_WARN_64_TO_32_BIT_CONVERSION = YES;
				GCC_WARN_ABOUT_RETURN_TYPE = YES_ERROR;
				GCC_WARN_UNDECLARED_SELECTOR = YES;
				GCC_WARN_UNINITIALIZED_AUTOS = YES_AGGRESSIVE;
				GCC_WARN_UNUSED_FUNCTION = YES;
				GCC_WARN_UNUSED_VARIABLE = YES;
				IPHONEOS_DEPLOYMENT_TARGET = 14.5;
				MTL_ENABLE_DEBUG_INFO = INCLUDE_SOURCE;
				MTL_FAST_MATH = YES;
				ONLY_ACTIVE_ARCH = YES;
				SDKROOT = iphoneos;
				SWIFT_ACTIVE_COMPILATION_CONDITIONS = DEBUG;
				SWIFT_OPTIMIZATION_LEVEL = "-Onone";
			};
			name = Debug;
		};
		84C146B9268CD47100216B55 /* Release */ = {
			isa = XCBuildConfiguration;
			buildSettings = {
				ALWAYS_SEARCH_USER_PATHS = NO;
				CLANG_ANALYZER_NONNULL = YES;
				CLANG_ANALYZER_NUMBER_OBJECT_CONVERSION = YES_AGGRESSIVE;
				CLANG_CXX_LANGUAGE_STANDARD = "gnu++14";
				CLANG_CXX_LIBRARY = "libc++";
				CLANG_ENABLE_MODULES = YES;
				CLANG_ENABLE_OBJC_ARC = YES;
				CLANG_ENABLE_OBJC_WEAK = YES;
				CLANG_WARN_BLOCK_CAPTURE_AUTORELEASING = YES;
				CLANG_WARN_BOOL_CONVERSION = YES;
				CLANG_WARN_COMMA = YES;
				CLANG_WARN_CONSTANT_CONVERSION = YES;
				CLANG_WARN_DEPRECATED_OBJC_IMPLEMENTATIONS = YES;
				CLANG_WARN_DIRECT_OBJC_ISA_USAGE = YES_ERROR;
				CLANG_WARN_DOCUMENTATION_COMMENTS = YES;
				CLANG_WARN_EMPTY_BODY = YES;
				CLANG_WARN_ENUM_CONVERSION = YES;
				CLANG_WARN_INFINITE_RECURSION = YES;
				CLANG_WARN_INT_CONVERSION = YES;
				CLANG_WARN_NON_LITERAL_NULL_CONVERSION = YES;
				CLANG_WARN_OBJC_IMPLICIT_RETAIN_SELF = YES;
				CLANG_WARN_OBJC_LITERAL_CONVERSION = YES;
				CLANG_WARN_OBJC_ROOT_CLASS = YES_ERROR;
				CLANG_WARN_QUOTED_INCLUDE_IN_FRAMEWORK_HEADER = YES;
				CLANG_WARN_RANGE_LOOP_ANALYSIS = YES;
				CLANG_WARN_STRICT_PROTOTYPES = YES;
				CLANG_WARN_SUSPICIOUS_MOVE = YES;
				CLANG_WARN_UNGUARDED_AVAILABILITY = YES_AGGRESSIVE;
				CLANG_WARN_UNREACHABLE_CODE = YES;
				CLANG_WARN__DUPLICATE_METHOD_MATCH = YES;
				COPY_PHASE_STRIP = NO;
				DEBUG_INFORMATION_FORMAT = "dwarf-with-dsym";
				ENABLE_NS_ASSERTIONS = NO;
				ENABLE_STRICT_OBJC_MSGSEND = YES;
				GCC_C_LANGUAGE_STANDARD = gnu11;
				GCC_NO_COMMON_BLOCKS = YES;
				GCC_WARN_64_TO_32_BIT_CONVERSION = YES;
				GCC_WARN_ABOUT_RETURN_TYPE = YES_ERROR;
				GCC_WARN_UNDECLARED_SELECTOR = YES;
				GCC_WARN_UNINITIALIZED_AUTOS = YES_AGGRESSIVE;
				GCC_WARN_UNUSED_FUNCTION = YES;
				GCC_WARN_UNUSED_VARIABLE = YES;
				IPHONEOS_DEPLOYMENT_TARGET = 14.5;
				MTL_ENABLE_DEBUG_INFO = NO;
				MTL_FAST_MATH = YES;
				SDKROOT = iphoneos;
				SWIFT_COMPILATION_MODE = wholemodule;
				SWIFT_OPTIMIZATION_LEVEL = "-O";
				VALIDATE_PRODUCT = YES;
			};
			name = Release;
		};
		84C146BB268CD47100216B55 /* Debug */ = {
			isa = XCBuildConfiguration;
			buildSettings = {
				ASSETCATALOG_COMPILER_APPICON_NAME = AppIcon;
				ASSETCATALOG_COMPILER_GLOBAL_ACCENT_COLOR_NAME = AccentColor;
				CODE_SIGN_STYLE = Automatic;
				INFOPLIST_FILE = HomeWork_Lesson_6/Info.plist;
				LD_RUNPATH_SEARCH_PATHS = (
					"$(inherited)",
					"@executable_path/Frameworks",
				);
				PRODUCT_BUNDLE_IDENTIFIER = "com.yourcompany.HomeWork-Lesson-6-App.HomeWork-Lesson-6";
				PRODUCT_NAME = "$(TARGET_NAME)";
				SWIFT_VERSION = 5.0;
				TARGETED_DEVICE_FAMILY = "1,2";
			};
			name = Debug;
		};
		84C146BC268CD47100216B55 /* Release */ = {
			isa = XCBuildConfiguration;
			buildSettings = {
				ASSETCATALOG_COMPILER_APPICON_NAME = AppIcon;
				ASSETCATALOG_COMPILER_GLOBAL_ACCENT_COLOR_NAME = AccentColor;
				CODE_SIGN_STYLE = Automatic;
				INFOPLIST_FILE = HomeWork_Lesson_6/Info.plist;
				LD_RUNPATH_SEARCH_PATHS = (
					"$(inherited)",
					"@executable_path/Frameworks",
				);
				PRODUCT_BUNDLE_IDENTIFIER = "com.yourcompany.HomeWork-Lesson-6-App.HomeWork-Lesson-6";
				PRODUCT_NAME = "$(TARGET_NAME)";
				SWIFT_VERSION = 5.0;
				TARGETED_DEVICE_FAMILY = "1,2";
			};
			name = Release;
		};
/* End XCBuildConfiguration section */

/* Begin XCConfigurationList section */
		84C146A1268CD46F00216B55 /* Build configuration list for PBXProject "HomeWork_Lesson_6" */ = {
			isa = XCConfigurationList;
			buildConfigurations = (
				84C146B8268CD47100216B55 /* Debug */,
				84C146B9268CD47100216B55 /* Release */,
			);
			defaultConfigurationIsVisible = 0;
			defaultConfigurationName = Release;
		};
		84C146BA268CD47100216B55 /* Build configuration list for PBXNativeTarget "HomeWork_Lesson_6" */ = {
			isa = XCConfigurationList;
			buildConfigurations = (
				84C146BB268CD47100216B55 /* Debug */,
				84C146BC268CD47100216B55 /* Release */,
			);
			defaultConfigurationIsVisible = 0;
			defaultConfigurationName = Release;
		};
/* End XCConfigurationList section */
	};
	rootObject = 84C1469E268CD46F00216B55 /* Project object */;
}
